
Microsoft Visual Studio Solution File, Format Version 12.00
# Visual Studio Version 16
VisualStudioVersion = 16.0.28922.388
MinimumVisualStudioVersion = 10.0.40219.1
Project("{FAE04EC0-301F-11D3-BF4B-00C04F79EFBC}") = "Assembly-CSharp", "Assembly-CSharp.csproj", "{87D557C4-753F-4735-8B91-6071B9E1EE35}"
EndProject
Global
	GlobalSection(SolutionConfigurationPlatforms) = preSolution
		Debug|x86 = Debug|x86
		Release|x86 = Release|x86
	EndGlobalSection
	GlobalSection(ProjectConfigurationPlatforms) = postSolution
		{87D557C4-753F-4735-8B91-6071B9E1EE35}.Debug|x86.ActiveCfg = Release|x86
		{87D557C4-753F-4735-8B91-6071B9E1EE35}.Debug|x86.Build.0 = Release|x86
		{87D557C4-753F-4735-8B91-6071B9E1EE35}.Release|x86.ActiveCfg = Release|x86
		{87D557C4-753F-4735-8B91-6071B9E1EE35}.Release|x86.Build.0 = Release|x86
	EndGlobalSection
	GlobalSection(SolutionProperties) = preSolution
		HideSolutionNode = FALSE
	EndGlobalSection
	GlobalSection(ExtensibilityGlobals) = postSolution
		SolutionGuid = {E449CA2A-1510-4BBD-8792-D1069D92C916}
	EndGlobalSection
EndGlobal
